
Microsoft Visual Studio Solution File, Format Version 12.00
# Visual Studio Version 17
VisualStudioVersion = 17.9.34728.123
MinimumVisualStudioVersion = 10.0.40219.1
Project("{FAE04EC0-301F-11D3-BF4B-00C04F79EFBC}") = "ParcialN1", "ParcialN1.csproj", "{DDADD471-C007-46CD-AE8D-758FF190F5C1}"
EndProject
Global
	GlobalSection(SolutionConfigurationPlatforms) = preSolution
		Debug|Any CPU = Debug|Any CPU
		Release|Any CPU = Release|Any CPU
	EndGlobalSection
	GlobalSection(ProjectConfigurationPlatforms) = postSolution
		{DDADD471-C007-46CD-AE8D-758FF190F5C1}.Debug|Any CPU.ActiveCfg = Debug|Any CPU
		{DDADD471-C007-46CD-AE8D-758FF190F5C1}.Debug|Any CPU.Build.0 = Debug|Any CPU
		{DDADD471-C007-46CD-AE8D-758FF190F5C1}.Release|Any CPU.ActiveCfg = Release|Any CPU
		{DDADD471-C007-46CD-AE8D-758FF190F5C1}.Release|Any CPU.Build.0 = Release|Any CPU
	EndGlobalSection
	GlobalSection(SolutionProperties) = preSolution
		HideSolutionNode = FALSE
	EndGlobalSection
	GlobalSection(ExtensibilityGlobals) = postSolution
		SolutionGuid = {572D6C49-19B0-45C2-8437-D7020F551842}
	EndGlobalSection
EndGlobal
